// !$*UTF8*$!
{
	archiveVersion = 1;
	classes = {
	};
	objectVersion = 56;
	objects = {

/* Begin PBXBuildFile section */
		3742A8D62C6053ED00705D5E /* HomeView.swift in Sources */ = {isa = PBXBuildFile; fileRef = 3742A8D52C6053ED00705D5E /* HomeView.swift */; };
		3742A8D82C60546700705D5E /* MyCheesesView.swift in Sources */ = {isa = PBXBuildFile; fileRef = 3742A8D72C60546700705D5E /* MyCheesesView.swift */; };
		3742A8DC2C60547900705D5E /* SearchView.swift in Sources */ = {isa = PBXBuildFile; fileRef = 3742A8DB2C60547900705D5E /* SearchView.swift */; };
		3742A8DE2C60547F00705D5E /* ProfileView.swift in Sources */ = {isa = PBXBuildFile; fileRef = 3742A8DD2C60547F00705D5E /* ProfileView.swift */; };
		3742A8E02C6054AC00705D5E /* DiscoverView.swift in Sources */ = {isa = PBXBuildFile; fileRef = 3742A8DF2C6054AC00705D5E /* DiscoverView.swift */; };
		3742A8E22C605EDD00705D5E /* SearchBar.swift in Sources */ = {isa = PBXBuildFile; fileRef = 3742A8E12C605EDD00705D5E /* SearchBar.swift */; };
		3742A8E52C60797300705D5E /* Database.swift in Sources */ = {isa = PBXBuildFile; fileRef = 3742A8E42C60797300705D5E /* Database.swift */; };
		374AE4D32C607AB900FB6063 /* Supabase in Frameworks */ = {isa = PBXBuildFile; productRef = 374AE4D22C607AB900FB6063 /* Supabase */; };
		374AE4D52C607FB800FB6063 /* DatabaseTests.swift in Sources */ = {isa = PBXBuildFile; fileRef = 374AE4D42C607FB800FB6063 /* DatabaseTests.swift */; };
		374AE4D72C6182DB00FB6063 /* debug.xcconfig in Resources */ = {isa = PBXBuildFile; fileRef = 374AE4D62C6182DB00FB6063 /* debug.xcconfig */; };
		374AE4D92C61893900FB6063 /* debug.xcconfig.example in Resources */ = {isa = PBXBuildFile; fileRef = 374AE4D82C61893900FB6063 /* debug.xcconfig.example */; };
		374AE4DD2C61A67A00FB6063 /* NewCupboardPopover.swift in Sources */ = {isa = PBXBuildFile; fileRef = 374AE4DC2C61A67900FB6063 /* NewCupboardPopover.swift */; };
		374AE4E12C61A6FE00FB6063 /* NewCheesePopover.swift in Sources */ = {isa = PBXBuildFile; fileRef = 374AE4E02C61A6FE00FB6063 /* NewCheesePopover.swift */; };
		374AE4E32C61C76600FB6063 /* CheeseItem.swift in Sources */ = {isa = PBXBuildFile; fileRef = 374AE4E22C61C76600FB6063 /* CheeseItem.swift */; };
		374AE4E52C61C81C00FB6063 /* CheeseDetailView.swift in Sources */ = {isa = PBXBuildFile; fileRef = 374AE4E42C61C81C00FB6063 /* CheeseDetailView.swift */; };
		374AE4E82C61E04900FB6063 /* Cheese.swift in Sources */ = {isa = PBXBuildFile; fileRef = 374AE4E72C61E04900FB6063 /* Cheese.swift */; };
		3751F0382C5F1289006499C2 /* Cheese_AppApp.swift in Sources */ = {isa = PBXBuildFile; fileRef = 3751F0372C5F1289006499C2 /* Cheese_AppApp.swift */; };
		3751F03C2C5F128A006499C2 /* Assets.xcassets in Resources */ = {isa = PBXBuildFile; fileRef = 3751F03B2C5F128A006499C2 /* Assets.xcassets */; };
		3751F03F2C5F128A006499C2 /* Preview Assets.xcassets in Resources */ = {isa = PBXBuildFile; fileRef = 3751F03E2C5F128A006499C2 /* Preview Assets.xcassets */; };
		3751F0492C5F128A006499C2 /* Cheese_AppTests.swift in Sources */ = {isa = PBXBuildFile; fileRef = 3751F0482C5F128A006499C2 /* Cheese_AppTests.swift */; };
		3751F0532C5F128A006499C2 /* Cheese_AppUITests.swift in Sources */ = {isa = PBXBuildFile; fileRef = 3751F0522C5F128A006499C2 /* Cheese_AppUITests.swift */; };
		3751F0552C5F128A006499C2 /* Cheese_AppUITestsLaunchTests.swift in Sources */ = {isa = PBXBuildFile; fileRef = 3751F0542C5F128A006499C2 /* Cheese_AppUITestsLaunchTests.swift */; };
		3751F0632C5F1407006499C2 /* CustomColors.swift in Sources */ = {isa = PBXBuildFile; fileRef = 3751F0622C5F1407006499C2 /* CustomColors.swift */; };
		3751F06A2C5F28FB006499C2 /* .gitignore in Resources */ = {isa = PBXBuildFile; fileRef = 3751F0692C5F28FB006499C2 /* .gitignore */; };
		376F52CC2C76DB0700BC1F27 /* Profile.swift in Sources */ = {isa = PBXBuildFile; fileRef = 376F52CB2C76DB0700BC1F27 /* Profile.swift */; };
		376F52CE2C76E90800BC1F27 /* Cupboard.swift in Sources */ = {isa = PBXBuildFile; fileRef = 376F52CD2C76E90800BC1F27 /* Cupboard.swift */; };
		376F52D12C76F52100BC1F27 /* AppStoragePropertyWrapper.swift in Sources */ = {isa = PBXBuildFile; fileRef = 376F52D02C76F52100BC1F27 /* AppStoragePropertyWrapper.swift */; };
		376F52D32C76FD4C00BC1F27 /* CheeseCupboard.swift in Sources */ = {isa = PBXBuildFile; fileRef = 376F52D22C76FD4C00BC1F27 /* CheeseCupboard.swift */; };
		376F52D52C77142400BC1F27 /* CupboardListView.swift in Sources */ = {isa = PBXBuildFile; fileRef = 376F52D42C77142400BC1F27 /* CupboardListView.swift */; };
		376F52D92C77226D00BC1F27 /* CupboardCheeseList.swift in Sources */ = {isa = PBXBuildFile; fileRef = 376F52D82C77226D00BC1F27 /* CupboardCheeseList.swift */; };
		37959DA02C5F5823004E4A02 /* LoginView.swift in Sources */ = {isa = PBXBuildFile; fileRef = 37959D9E2C5F5823004E4A02 /* LoginView.swift */; };
		37959DA12C5F5823004E4A02 /* WelcomeView.swift in Sources */ = {isa = PBXBuildFile; fileRef = 37959D9F2C5F5823004E4A02 /* WelcomeView.swift */; };
		37959DA52C5F5836004E4A02 /* Navigation.swift in Sources */ = {isa = PBXBuildFile; fileRef = 37959DA22C5F5836004E4A02 /* Navigation.swift */; };
		37959DA82C5F584F004E4A02 /* AppView.swift in Sources */ = {isa = PBXBuildFile; fileRef = 37959DA72C5F584F004E4A02 /* AppView.swift */; };
		37959DAA2C5F592A004E4A02 /* EntryView.swift in Sources */ = {isa = PBXBuildFile; fileRef = 37959DA92C5F592A004E4A02 /* EntryView.swift */; };
		37B2F3502C72D7C1006D71B3 /* Auth.swift in Sources */ = {isa = PBXBuildFile; fileRef = 37B2F34F2C72D7C1006D71B3 /* Auth.swift */; };
		37B2F3552C72D99C006D71B3 /* GoTrue in Frameworks */ = {isa = PBXBuildFile; productRef = 37B2F3542C72D99C006D71B3 /* GoTrue */; };
		37B9B3E82C6726B500CB433E /* CategoryListView.swift in Sources */ = {isa = PBXBuildFile; fileRef = 37B9B3E72C6726B500CB433E /* CategoryListView.swift */; };
		37DFBE1E2C5F33720079A637 /* Cheese-App-Info.plist in Resources */ = {isa = PBXBuildFile; fileRef = 37DFBE1D2C5F33720079A637 /* Cheese-App-Info.plist */; };
/* End PBXBuildFile section */

/* Begin PBXContainerItemProxy section */
		3751F0452C5F128A006499C2 /* PBXContainerItemProxy */ = {
			isa = PBXContainerItemProxy;
			containerPortal = 3751F02C2C5F1289006499C2 /* Project object */;
			proxyType = 1;
			remoteGlobalIDString = 3751F0332C5F1289006499C2;
			remoteInfo = "Cheese App";
		};
		3751F04F2C5F128A006499C2 /* PBXContainerItemProxy */ = {
			isa = PBXContainerItemProxy;
			containerPortal = 3751F02C2C5F1289006499C2 /* Project object */;
			proxyType = 1;
			remoteGlobalIDString = 3751F0332C5F1289006499C2;
			remoteInfo = "Cheese App";
		};
/* End PBXContainerItemProxy section */

/* Begin PBXFileReference section */
		3742A8D52C6053ED00705D5E /* HomeView.swift */ = {isa = PBXFileReference; lastKnownFileType = sourcecode.swift; path = HomeView.swift; sourceTree = "<group>"; };
		3742A8D72C60546700705D5E /* MyCheesesView.swift */ = {isa = PBXFileReference; lastKnownFileType = sourcecode.swift; path = MyCheesesView.swift; sourceTree = "<group>"; };
		3742A8DB2C60547900705D5E /* SearchView.swift */ = {isa = PBXFileReference; lastKnownFileType = sourcecode.swift; path = SearchView.swift; sourceTree = "<group>"; };
		3742A8DD2C60547F00705D5E /* ProfileView.swift */ = {isa = PBXFileReference; lastKnownFileType = sourcecode.swift; path = ProfileView.swift; sourceTree = "<group>"; };
		3742A8DF2C6054AC00705D5E /* DiscoverView.swift */ = {isa = PBXFileReference; lastKnownFileType = sourcecode.swift; path = DiscoverView.swift; sourceTree = "<group>"; };
		3742A8E12C605EDD00705D5E /* SearchBar.swift */ = {isa = PBXFileReference; lastKnownFileType = sourcecode.swift; path = SearchBar.swift; sourceTree = "<group>"; };
		3742A8E42C60797300705D5E /* Database.swift */ = {isa = PBXFileReference; lastKnownFileType = sourcecode.swift; path = Database.swift; sourceTree = "<group>"; };
		374AE4D42C607FB800FB6063 /* DatabaseTests.swift */ = {isa = PBXFileReference; lastKnownFileType = sourcecode.swift; path = DatabaseTests.swift; sourceTree = "<group>"; };
		374AE4D62C6182DB00FB6063 /* debug.xcconfig */ = {isa = PBXFileReference; lastKnownFileType = text.xcconfig; path = debug.xcconfig; sourceTree = "<group>"; };
		374AE4D82C61893900FB6063 /* debug.xcconfig.example */ = {isa = PBXFileReference; lastKnownFileType = text; path = debug.xcconfig.example; sourceTree = "<group>"; };
		374AE4DC2C61A67900FB6063 /* NewCupboardPopover.swift */ = {isa = PBXFileReference; lastKnownFileType = sourcecode.swift; path = NewCupboardPopover.swift; sourceTree = "<group>"; };
		374AE4E02C61A6FE00FB6063 /* NewCheesePopover.swift */ = {isa = PBXFileReference; lastKnownFileType = sourcecode.swift; path = NewCheesePopover.swift; sourceTree = "<group>"; };
		374AE4E22C61C76600FB6063 /* CheeseItem.swift */ = {isa = PBXFileReference; lastKnownFileType = sourcecode.swift; path = CheeseItem.swift; sourceTree = "<group>"; };
		374AE4E42C61C81C00FB6063 /* CheeseDetailView.swift */ = {isa = PBXFileReference; lastKnownFileType = sourcecode.swift; path = CheeseDetailView.swift; sourceTree = "<group>"; };
		374AE4E72C61E04900FB6063 /* Cheese.swift */ = {isa = PBXFileReference; lastKnownFileType = sourcecode.swift; path = Cheese.swift; sourceTree = "<group>"; };
		3751F0342C5F1289006499C2 /* Cheese App.app */ = {isa = PBXFileReference; explicitFileType = wrapper.application; includeInIndex = 0; path = "Cheese App.app"; sourceTree = BUILT_PRODUCTS_DIR; };
		3751F0372C5F1289006499C2 /* Cheese_AppApp.swift */ = {isa = PBXFileReference; lastKnownFileType = sourcecode.swift; path = Cheese_AppApp.swift; sourceTree = "<group>"; };
		3751F03B2C5F128A006499C2 /* Assets.xcassets */ = {isa = PBXFileReference; lastKnownFileType = folder.assetcatalog; path = Assets.xcassets; sourceTree = "<group>"; };
		3751F03E2C5F128A006499C2 /* Preview Assets.xcassets */ = {isa = PBXFileReference; lastKnownFileType = folder.assetcatalog; path = "Preview Assets.xcassets"; sourceTree = "<group>"; };
		3751F0442C5F128A006499C2 /* Cheese AppTests.xctest */ = {isa = PBXFileReference; explicitFileType = wrapper.cfbundle; includeInIndex = 0; path = "Cheese AppTests.xctest"; sourceTree = BUILT_PRODUCTS_DIR; };
		3751F0482C5F128A006499C2 /* Cheese_AppTests.swift */ = {isa = PBXFileReference; lastKnownFileType = sourcecode.swift; path = Cheese_AppTests.swift; sourceTree = "<group>"; };
		3751F04E2C5F128A006499C2 /* Cheese AppUITests.xctest */ = {isa = PBXFileReference; explicitFileType = wrapper.cfbundle; includeInIndex = 0; path = "Cheese AppUITests.xctest"; sourceTree = BUILT_PRODUCTS_DIR; };
		3751F0522C5F128A006499C2 /* Cheese_AppUITests.swift */ = {isa = PBXFileReference; lastKnownFileType = sourcecode.swift; path = Cheese_AppUITests.swift; sourceTree = "<group>"; };
		3751F0542C5F128A006499C2 /* Cheese_AppUITestsLaunchTests.swift */ = {isa = PBXFileReference; lastKnownFileType = sourcecode.swift; path = Cheese_AppUITestsLaunchTests.swift; sourceTree = "<group>"; };
		3751F0622C5F1407006499C2 /* CustomColors.swift */ = {isa = PBXFileReference; lastKnownFileType = sourcecode.swift; path = CustomColors.swift; sourceTree = "<group>"; };
		3751F0692C5F28FB006499C2 /* .gitignore */ = {isa = PBXFileReference; lastKnownFileType = text; path = .gitignore; sourceTree = "<group>"; };
		376F52CB2C76DB0700BC1F27 /* Profile.swift */ = {isa = PBXFileReference; lastKnownFileType = sourcecode.swift; path = Profile.swift; sourceTree = "<group>"; };
		376F52CD2C76E90800BC1F27 /* Cupboard.swift */ = {isa = PBXFileReference; lastKnownFileType = sourcecode.swift; path = Cupboard.swift; sourceTree = "<group>"; };
		376F52D02C76F52100BC1F27 /* AppStoragePropertyWrapper.swift */ = {isa = PBXFileReference; lastKnownFileType = sourcecode.swift; path = AppStoragePropertyWrapper.swift; sourceTree = "<group>"; };
		376F52D22C76FD4C00BC1F27 /* CheeseCupboard.swift */ = {isa = PBXFileReference; lastKnownFileType = sourcecode.swift; path = CheeseCupboard.swift; sourceTree = "<group>"; };
		376F52D42C77142400BC1F27 /* CupboardListView.swift */ = {isa = PBXFileReference; lastKnownFileType = sourcecode.swift; path = CupboardListView.swift; sourceTree = "<group>"; };
		376F52D82C77226D00BC1F27 /* CupboardCheeseList.swift */ = {isa = PBXFileReference; lastKnownFileType = sourcecode.swift; path = CupboardCheeseList.swift; sourceTree = "<group>"; };
		37959D9E2C5F5823004E4A02 /* LoginView.swift */ = {isa = PBXFileReference; fileEncoding = 4; lastKnownFileType = sourcecode.swift; path = LoginView.swift; sourceTree = "<group>"; };
		37959D9F2C5F5823004E4A02 /* WelcomeView.swift */ = {isa = PBXFileReference; fileEncoding = 4; lastKnownFileType = sourcecode.swift; path = WelcomeView.swift; sourceTree = "<group>"; };
		37959DA22C5F5836004E4A02 /* Navigation.swift */ = {isa = PBXFileReference; fileEncoding = 4; lastKnownFileType = sourcecode.swift; path = Navigation.swift; sourceTree = "<group>"; };
		37959DA72C5F584F004E4A02 /* AppView.swift */ = {isa = PBXFileReference; fileEncoding = 4; lastKnownFileType = sourcecode.swift; path = AppView.swift; sourceTree = "<group>"; };
		37959DA92C5F592A004E4A02 /* EntryView.swift */ = {isa = PBXFileReference; fileEncoding = 4; lastKnownFileType = sourcecode.swift; path = EntryView.swift; sourceTree = "<group>"; };
		37B2F34F2C72D7C1006D71B3 /* Auth.swift */ = {isa = PBXFileReference; lastKnownFileType = sourcecode.swift; path = Auth.swift; sourceTree = "<group>"; };
		37B2F3562C72E3B5006D71B3 /* Cheese App.entitlements */ = {isa = PBXFileReference; lastKnownFileType = text.plist.entitlements; path = "Cheese App.entitlements"; sourceTree = "<group>"; };
		37B9B3E72C6726B500CB433E /* CategoryListView.swift */ = {isa = PBXFileReference; lastKnownFileType = sourcecode.swift; path = CategoryListView.swift; sourceTree = "<group>"; };
		37DFBE1D2C5F33720079A637 /* Cheese-App-Info.plist */ = {isa = PBXFileReference; fileEncoding = 4; lastKnownFileType = text.plist.xml; path = "Cheese-App-Info.plist"; sourceTree = "<group>"; };
/* End PBXFileReference section */

/* Begin PBXFrameworksBuildPhase section */
		3751F0312C5F1289006499C2 /* Frameworks */ = {
			isa = PBXFrameworksBuildPhase;
			buildActionMask = 2147483647;
			files = (
				37B2F3552C72D99C006D71B3 /* GoTrue in Frameworks */,
				374AE4D32C607AB900FB6063 /* Supabase in Frameworks */,
			);
			runOnlyForDeploymentPostprocessing = 0;
		};
		3751F0412C5F128A006499C2 /* Frameworks */ = {
			isa = PBXFrameworksBuildPhase;
			buildActionMask = 2147483647;
			files = (
			);
			runOnlyForDeploymentPostprocessing = 0;
		};
		3751F04B2C5F128A006499C2 /* Frameworks */ = {
			isa = PBXFrameworksBuildPhase;
			buildActionMask = 2147483647;
			files = (
			);
			runOnlyForDeploymentPostprocessing = 0;
		};
/* End PBXFrameworksBuildPhase section */

/* Begin PBXGroup section */
		374AE4D12C607AB900FB6063 /* Frameworks */ = {
			isa = PBXGroup;
			children = (
			);
			name = Frameworks;
			sourceTree = "<group>";
		};
		374AE4E62C61E03300FB6063 /* Models */ = {
			isa = PBXGroup;
			children = (
				374AE4E72C61E04900FB6063 /* Cheese.swift */,
				376F52CB2C76DB0700BC1F27 /* Profile.swift */,
				376F52CD2C76E90800BC1F27 /* Cupboard.swift */,
				376F52D22C76FD4C00BC1F27 /* CheeseCupboard.swift */,
				376F52D82C77226D00BC1F27 /* CupboardCheeseList.swift */,
			);
			path = Models;
			sourceTree = "<group>";
		};
		3751F02B2C5F1289006499C2 = {
			isa = PBXGroup;
			children = (
				374AE4D82C61893900FB6063 /* debug.xcconfig.example */,
				374AE4D62C6182DB00FB6063 /* debug.xcconfig */,
				37DFBE1D2C5F33720079A637 /* Cheese-App-Info.plist */,
				3751F0692C5F28FB006499C2 /* .gitignore */,
				3751F0362C5F1289006499C2 /* Cheese App */,
				3751F0472C5F128A006499C2 /* Cheese AppTests */,
				3751F0512C5F128A006499C2 /* Cheese AppUITests */,
				3751F0352C5F1289006499C2 /* Products */,
				374AE4D12C607AB900FB6063 /* Frameworks */,
			);
			sourceTree = "<group>";
		};
		3751F0352C5F1289006499C2 /* Products */ = {
			isa = PBXGroup;
			children = (
				3751F0342C5F1289006499C2 /* Cheese App.app */,
				3751F0442C5F128A006499C2 /* Cheese AppTests.xctest */,
				3751F04E2C5F128A006499C2 /* Cheese AppUITests.xctest */,
			);
			name = Products;
			sourceTree = "<group>";
		};
		3751F0362C5F1289006499C2 /* Cheese App */ = {
			isa = PBXGroup;
			children = (
				376F52CF2C76F51200BC1F27 /* Wrappers */,
				37B2F3562C72E3B5006D71B3 /* Cheese App.entitlements */,
				37B2F34E2C72D7A5006D71B3 /* Auth */,
				374AE4E62C61E03300FB6063 /* Models */,
				37959D9C2C5F579B004E4A02 /* Views */,
				3751F0612C5F13F5006499C2 /* Utilities */,
				3751F0372C5F1289006499C2 /* Cheese_AppApp.swift */,
				3751F03B2C5F128A006499C2 /* Assets.xcassets */,
				3751F03D2C5F128A006499C2 /* Preview Content */,
			);
			path = "Cheese App";
			sourceTree = "<group>";
		};
		3751F03D2C5F128A006499C2 /* Preview Content */ = {
			isa = PBXGroup;
			children = (
				3751F03E2C5F128A006499C2 /* Preview Assets.xcassets */,
			);
			path = "Preview Content";
			sourceTree = "<group>";
		};
		3751F0472C5F128A006499C2 /* Cheese AppTests */ = {
			isa = PBXGroup;
			children = (
				3751F0482C5F128A006499C2 /* Cheese_AppTests.swift */,
				374AE4D42C607FB800FB6063 /* DatabaseTests.swift */,
			);
			path = "Cheese AppTests";
			sourceTree = "<group>";
		};
		3751F0512C5F128A006499C2 /* Cheese AppUITests */ = {
			isa = PBXGroup;
			children = (
				3751F0522C5F128A006499C2 /* Cheese_AppUITests.swift */,
				3751F0542C5F128A006499C2 /* Cheese_AppUITestsLaunchTests.swift */,
			);
			path = "Cheese AppUITests";
			sourceTree = "<group>";
		};
		3751F0612C5F13F5006499C2 /* Utilities */ = {
			isa = PBXGroup;
			children = (
				3751F0622C5F1407006499C2 /* CustomColors.swift */,
				3742A8E42C60797300705D5E /* Database.swift */,
			);
			path = Utilities;
			sourceTree = "<group>";
		};
		376F52CF2C76F51200BC1F27 /* Wrappers */ = {
			isa = PBXGroup;
			children = (
				376F52D02C76F52100BC1F27 /* AppStoragePropertyWrapper.swift */,
			);
			path = Wrappers;
			sourceTree = "<group>";
		};
		37959D9C2C5F579B004E4A02 /* Views */ = {
			isa = PBXGroup;
			children = (
				37959DA92C5F592A004E4A02 /* EntryView.swift */,
				37959DA72C5F584F004E4A02 /* AppView.swift */,
				3742A8DF2C6054AC00705D5E /* DiscoverView.swift */,
				37959DA42C5F5836004E4A02 /* Components */,
				37959D9E2C5F5823004E4A02 /* LoginView.swift */,
				37959D9F2C5F5823004E4A02 /* WelcomeView.swift */,
				3742A8D52C6053ED00705D5E /* HomeView.swift */,
				3742A8D72C60546700705D5E /* MyCheesesView.swift */,
				3742A8DB2C60547900705D5E /* SearchView.swift */,
				3742A8DD2C60547F00705D5E /* ProfileView.swift */,
				374AE4E42C61C81C00FB6063 /* CheeseDetailView.swift */,
				37B9B3E72C6726B500CB433E /* CategoryListView.swift */,
				376F52D42C77142400BC1F27 /* CupboardListView.swift */,
			);
			path = Views;
			sourceTree = "<group>";
		};
		37959DA42C5F5836004E4A02 /* Components */ = {
			isa = PBXGroup;
			children = (
				37959DA22C5F5836004E4A02 /* Navigation.swift */,
				3742A8E12C605EDD00705D5E /* SearchBar.swift */,
				374AE4DC2C61A67900FB6063 /* NewCupboardPopover.swift */,
				374AE4E02C61A6FE00FB6063 /* NewCheesePopover.swift */,
				374AE4E22C61C76600FB6063 /* CheeseItem.swift */,
			);
			path = Components;
			sourceTree = "<group>";
		};
		37B2F34E2C72D7A5006D71B3 /* Auth */ = {
			isa = PBXGroup;
			children = (
				37B2F34F2C72D7C1006D71B3 /* Auth.swift */,
			);
			path = Auth;
			sourceTree = "<group>";
		};
/* End PBXGroup section */

/* Begin PBXNativeTarget section */
		3751F0332C5F1289006499C2 /* Cheese App */ = {
			isa = PBXNativeTarget;
			buildConfigurationList = 3751F0582C5F128A006499C2 /* Build configuration list for PBXNativeTarget "Cheese App" */;
			buildPhases = (
				3751F0302C5F1289006499C2 /* Sources */,
				3751F0312C5F1289006499C2 /* Frameworks */,
				3751F0322C5F1289006499C2 /* Resources */,
			);
			buildRules = (
			);
			dependencies = (
			);
			name = "Cheese App";
			packageProductDependencies = (
				374AE4D22C607AB900FB6063 /* Supabase */,
				37B2F3542C72D99C006D71B3 /* GoTrue */,
			);
			productName = "Cheese App";
			productReference = 3751F0342C5F1289006499C2 /* Cheese App.app */;
			productType = "com.apple.product-type.application";
		};
		3751F0432C5F128A006499C2 /* Cheese AppTests */ = {
			isa = PBXNativeTarget;
			buildConfigurationList = 3751F05B2C5F128A006499C2 /* Build configuration list for PBXNativeTarget "Cheese AppTests" */;
			buildPhases = (
				3751F0402C5F128A006499C2 /* Sources */,
				3751F0412C5F128A006499C2 /* Frameworks */,
				3751F0422C5F128A006499C2 /* Resources */,
			);
			buildRules = (
			);
			dependencies = (
				3751F0462C5F128A006499C2 /* PBXTargetDependency */,
			);
			name = "Cheese AppTests";
			productName = "Cheese AppTests";
			productReference = 3751F0442C5F128A006499C2 /* Cheese AppTests.xctest */;
			productType = "com.apple.product-type.bundle.unit-test";
		};
		3751F04D2C5F128A006499C2 /* Cheese AppUITests */ = {
			isa = PBXNativeTarget;
			buildConfigurationList = 3751F05E2C5F128A006499C2 /* Build configuration list for PBXNativeTarget "Cheese AppUITests" */;
			buildPhases = (
				3751F04A2C5F128A006499C2 /* Sources */,
				3751F04B2C5F128A006499C2 /* Frameworks */,
				3751F04C2C5F128A006499C2 /* Resources */,
			);
			buildRules = (
			);
			dependencies = (
				3751F0502C5F128A006499C2 /* PBXTargetDependency */,
			);
			name = "Cheese AppUITests";
			productName = "Cheese AppUITests";
			productReference = 3751F04E2C5F128A006499C2 /* Cheese AppUITests.xctest */;
			productType = "com.apple.product-type.bundle.ui-testing";
		};
/* End PBXNativeTarget section */

/* Begin PBXProject section */
		3751F02C2C5F1289006499C2 /* Project object */ = {
			isa = PBXProject;
			attributes = {
				BuildIndependentTargetsInParallel = 1;
				LastSwiftUpdateCheck = 1540;
				LastUpgradeCheck = 1540;
				TargetAttributes = {
					3751F0332C5F1289006499C2 = {
						CreatedOnToolsVersion = 15.4;
					};
					3751F0432C5F128A006499C2 = {
						CreatedOnToolsVersion = 15.4;
						TestTargetID = 3751F0332C5F1289006499C2;
					};
					3751F04D2C5F128A006499C2 = {
						CreatedOnToolsVersion = 15.4;
						TestTargetID = 3751F0332C5F1289006499C2;
					};
				};
			};
			buildConfigurationList = 3751F02F2C5F1289006499C2 /* Build configuration list for PBXProject "Cheese App" */;
			compatibilityVersion = "Xcode 14.0";
			developmentRegion = en;
			hasScannedForEncodings = 0;
			knownRegions = (
				en,
				Base,
			);
			mainGroup = 3751F02B2C5F1289006499C2;
			packageReferences = (
				3742A8E32C60794F00705D5E /* XCRemoteSwiftPackageReference "supabase-swift" */,
				37B2F3532C72D8AA006D71B3 /* XCRemoteSwiftPackageReference "gotrue-swift" */,
			);
			productRefGroup = 3751F0352C5F1289006499C2 /* Products */;
			projectDirPath = "";
			projectRoot = "";
			targets = (
				3751F0332C5F1289006499C2 /* Cheese App */,
				3751F0432C5F128A006499C2 /* Cheese AppTests */,
				3751F04D2C5F128A006499C2 /* Cheese AppUITests */,
			);
		};
/* End PBXProject section */

/* Begin PBXResourcesBuildPhase section */
		3751F0322C5F1289006499C2 /* Resources */ = {
			isa = PBXResourcesBuildPhase;
			buildActionMask = 2147483647;
			files = (
				3751F03F2C5F128A006499C2 /* Preview Assets.xcassets in Resources */,
				3751F06A2C5F28FB006499C2 /* .gitignore in Resources */,
				3751F03C2C5F128A006499C2 /* Assets.xcassets in Resources */,
				37DFBE1E2C5F33720079A637 /* Cheese-App-Info.plist in Resources */,
			);
			runOnlyForDeploymentPostprocessing = 0;
		};
		3751F0422C5F128A006499C2 /* Resources */ = {
			isa = PBXResourcesBuildPhase;
			buildActionMask = 2147483647;
			files = (
				374AE4D92C61893900FB6063 /* debug.xcconfig.example in Resources */,
				374AE4D72C6182DB00FB6063 /* debug.xcconfig in Resources */,
			);
			runOnlyForDeploymentPostprocessing = 0;
		};
		3751F04C2C5F128A006499C2 /* Resources */ = {
			isa = PBXResourcesBuildPhase;
			buildActionMask = 2147483647;
			files = (
			);
			runOnlyForDeploymentPostprocessing = 0;
		};
/* End PBXResourcesBuildPhase section */

/* Begin PBXSourcesBuildPhase section */
		3751F0302C5F1289006499C2 /* Sources */ = {
			isa = PBXSourcesBuildPhase;
			buildActionMask = 2147483647;
			files = (
				3742A8DE2C60547F00705D5E /* ProfileView.swift in Sources */,
				374AE4E12C61A6FE00FB6063 /* NewCheesePopover.swift in Sources */,
				3742A8D62C6053ED00705D5E /* HomeView.swift in Sources */,
				376F52CC2C76DB0700BC1F27 /* Profile.swift in Sources */,
				3742A8D82C60546700705D5E /* MyCheesesView.swift in Sources */,
				3742A8E52C60797300705D5E /* Database.swift in Sources */,
				374AE4E32C61C76600FB6063 /* CheeseItem.swift in Sources */,
				3742A8DC2C60547900705D5E /* SearchView.swift in Sources */,
				374AE4E52C61C81C00FB6063 /* CheeseDetailView.swift in Sources */,
				37959DA02C5F5823004E4A02 /* LoginView.swift in Sources */,
				37959DA82C5F584F004E4A02 /* AppView.swift in Sources */,
				374AE4DD2C61A67A00FB6063 /* NewCupboardPopover.swift in Sources */,
				376F52D92C77226D00BC1F27 /* CupboardCheeseList.swift in Sources */,
				376F52D32C76FD4C00BC1F27 /* CheeseCupboard.swift in Sources */,
				37B9B3E82C6726B500CB433E /* CategoryListView.swift in Sources */,
				376F52D12C76F52100BC1F27 /* AppStoragePropertyWrapper.swift in Sources */,
				3742A8E22C605EDD00705D5E /* SearchBar.swift in Sources */,
				37959DA52C5F5836004E4A02 /* Navigation.swift in Sources */,
				3751F0632C5F1407006499C2 /* CustomColors.swift in Sources */,
				376F52CE2C76E90800BC1F27 /* Cupboard.swift in Sources */,
				3751F0382C5F1289006499C2 /* Cheese_AppApp.swift in Sources */,
				37B2F3502C72D7C1006D71B3 /* Auth.swift in Sources */,
				374AE4E82C61E04900FB6063 /* Cheese.swift in Sources */,
				3742A8E02C6054AC00705D5E /* DiscoverView.swift in Sources */,
				376F52D52C77142400BC1F27 /* CupboardListView.swift in Sources */,
				37959DA12C5F5823004E4A02 /* WelcomeView.swift in Sources */,
				37959DAA2C5F592A004E4A02 /* EntryView.swift in Sources */,
			);
			runOnlyForDeploymentPostprocessing = 0;
		};
		3751F0402C5F128A006499C2 /* Sources */ = {
			isa = PBXSourcesBuildPhase;
			buildActionMask = 2147483647;
			files = (
				374AE4D52C607FB800FB6063 /* DatabaseTests.swift in Sources */,
				3751F0492C5F128A006499C2 /* Cheese_AppTests.swift in Sources */,
			);
			runOnlyForDeploymentPostprocessing = 0;
		};
		3751F04A2C5F128A006499C2 /* Sources */ = {
			isa = PBXSourcesBuildPhase;
			buildActionMask = 2147483647;
			files = (
				3751F0532C5F128A006499C2 /* Cheese_AppUITests.swift in Sources */,
				3751F0552C5F128A006499C2 /* Cheese_AppUITestsLaunchTests.swift in Sources */,
			);
			runOnlyForDeploymentPostprocessing = 0;
		};
/* End PBXSourcesBuildPhase section */

/* Begin PBXTargetDependency section */
		3751F0462C5F128A006499C2 /* PBXTargetDependency */ = {
			isa = PBXTargetDependency;
			target = 3751F0332C5F1289006499C2 /* Cheese App */;
			targetProxy = 3751F0452C5F128A006499C2 /* PBXContainerItemProxy */;
		};
		3751F0502C5F128A006499C2 /* PBXTargetDependency */ = {
			isa = PBXTargetDependency;
			target = 3751F0332C5F1289006499C2 /* Cheese App */;
			targetProxy = 3751F04F2C5F128A006499C2 /* PBXContainerItemProxy */;
		};
/* End PBXTargetDependency section */

/* Begin XCBuildConfiguration section */
		3751F0562C5F128A006499C2 /* Debug */ = {
			isa = XCBuildConfiguration;
			baseConfigurationReference = 374AE4D62C6182DB00FB6063 /* debug.xcconfig */;
			buildSettings = {
				ALWAYS_SEARCH_USER_PATHS = NO;
				ASSETCATALOG_COMPILER_GENERATE_SWIFT_ASSET_SYMBOL_EXTENSIONS = YES;
				CLANG_ANALYZER_NONNULL = YES;
				CLANG_ANALYZER_NUMBER_OBJECT_CONVERSION = YES_AGGRESSIVE;
				CLANG_CXX_LANGUAGE_STANDARD = "gnu++20";
				CLANG_ENABLE_MODULES = YES;
				CLANG_ENABLE_OBJC_ARC = YES;
				CLANG_ENABLE_OBJC_WEAK = YES;
				CLANG_WARN_BLOCK_CAPTURE_AUTORELEASING = YES;
				CLANG_WARN_BOOL_CONVERSION = YES;
				CLANG_WARN_COMMA = YES;
				CLANG_WARN_CONSTANT_CONVERSION = YES;
				CLANG_WARN_DEPRECATED_OBJC_IMPLEMENTATIONS = YES;
				CLANG_WARN_DIRECT_OBJC_ISA_USAGE = YES_ERROR;
				CLANG_WARN_DOCUMENTATION_COMMENTS = YES;
				CLANG_WARN_EMPTY_BODY = YES;
				CLANG_WARN_ENUM_CONVERSION = YES;
				CLANG_WARN_INFINITE_RECURSION = YES;
				CLANG_WARN_INT_CONVERSION = YES;
				CLANG_WARN_NON_LITERAL_NULL_CONVERSION = YES;
				CLANG_WARN_OBJC_IMPLICIT_RETAIN_SELF = YES;
				CLANG_WARN_OBJC_LITERAL_CONVERSION = YES;
				CLANG_WARN_OBJC_ROOT_CLASS = YES_ERROR;
				CLANG_WARN_QUOTED_INCLUDE_IN_FRAMEWORK_HEADER = YES;
				CLANG_WARN_RANGE_LOOP_ANALYSIS = YES;
				CLANG_WARN_STRICT_PROTOTYPES = YES;
				CLANG_WARN_SUSPICIOUS_MOVE = YES;
				CLANG_WARN_UNGUARDED_AVAILABILITY = YES_AGGRESSIVE;
				CLANG_WARN_UNREACHABLE_CODE = YES;
				CLANG_WARN__DUPLICATE_METHOD_MATCH = YES;
				COPY_PHASE_STRIP = NO;
				DEBUG_INFORMATION_FORMAT = dwarf;
				ENABLE_STRICT_OBJC_MSGSEND = YES;
				ENABLE_TESTABILITY = YES;
				ENABLE_USER_SCRIPT_SANDBOXING = YES;
				EXCLUDED_ARCHS = "";
				GCC_C_LANGUAGE_STANDARD = gnu17;
				GCC_DYNAMIC_NO_PIC = NO;
				GCC_NO_COMMON_BLOCKS = YES;
				GCC_OPTIMIZATION_LEVEL = 0;
				GCC_PREPROCESSOR_DEFINITIONS = (
					"DEBUG=1",
					"$(inherited)",
				);
				GCC_WARN_64_TO_32_BIT_CONVERSION = YES;
				GCC_WARN_ABOUT_RETURN_TYPE = YES_ERROR;
				GCC_WARN_UNDECLARED_SELECTOR = YES;
				GCC_WARN_UNINITIALIZED_AUTOS = YES_AGGRESSIVE;
				GCC_WARN_UNUSED_FUNCTION = YES;
				GCC_WARN_UNUSED_VARIABLE = YES;
				INFOPLIST_FILE = "Cheese-App-Info.plist";
				IPHONEOS_DEPLOYMENT_TARGET = 17.5;
				LOCALIZATION_PREFERS_STRING_CATALOGS = YES;
				MTL_ENABLE_DEBUG_INFO = INCLUDE_SOURCE;
				MTL_FAST_MATH = YES;
				ONLY_ACTIVE_ARCH = YES;
				SDKROOT = iphoneos;
				SWIFT_ACTIVE_COMPILATION_CONDITIONS = "DEBUG $(inherited)";
				SWIFT_OPTIMIZATION_LEVEL = "-Onone";
			};
			name = Debug;
		};
		3751F0572C5F128A006499C2 /* Release */ = {
			isa = XCBuildConfiguration;
			buildSettings = {
				ALWAYS_SEARCH_USER_PATHS = NO;
				ASSETCATALOG_COMPILER_GENERATE_SWIFT_ASSET_SYMBOL_EXTENSIONS = YES;
				CLANG_ANALYZER_NONNULL = YES;
				CLANG_ANALYZER_NUMBER_OBJECT_CONVERSION = YES_AGGRESSIVE;
				CLANG_CXX_LANGUAGE_STANDARD = "gnu++20";
				CLANG_ENABLE_MODULES = YES;
				CLANG_ENABLE_OBJC_ARC = YES;
				CLANG_ENABLE_OBJC_WEAK = YES;
				CLANG_WARN_BLOCK_CAPTURE_AUTORELEASING = YES;
				CLANG_WARN_BOOL_CONVERSION = YES;
				CLANG_WARN_COMMA = YES;
				CLANG_WARN_CONSTANT_CONVERSION = YES;
				CLANG_WARN_DEPRECATED_OBJC_IMPLEMENTATIONS = YES;
				CLANG_WARN_DIRECT_OBJC_ISA_USAGE = YES_ERROR;
				CLANG_WARN_DOCUMENTATION_COMMENTS = YES;
				CLANG_WARN_EMPTY_BODY = YES;
				CLANG_WARN_ENUM_CONVERSION = YES;
				CLANG_WARN_INFINITE_RECURSION = YES;
				CLANG_WARN_INT_CONVERSION = YES;
				CLANG_WARN_NON_LITERAL_NULL_CONVERSION = YES;
				CLANG_WARN_OBJC_IMPLICIT_RETAIN_SELF = YES;
				CLANG_WARN_OBJC_LITERAL_CONVERSION = YES;
				CLANG_WARN_OBJC_ROOT_CLASS = YES_ERROR;
				CLANG_WARN_QUOTED_INCLUDE_IN_FRAMEWORK_HEADER = YES;
				CLANG_WARN_RANGE_LOOP_ANALYSIS = YES;
				CLANG_WARN_STRICT_PROTOTYPES = YES;
				CLANG_WARN_SUSPICIOUS_MOVE = YES;
				CLANG_WARN_UNGUARDED_AVAILABILITY = YES_AGGRESSIVE;
				CLANG_WARN_UNREACHABLE_CODE = YES;
				CLANG_WARN__DUPLICATE_METHOD_MATCH = YES;
				COPY_PHASE_STRIP = NO;
				DEBUG_INFORMATION_FORMAT = "dwarf-with-dsym";
				ENABLE_NS_ASSERTIONS = NO;
				ENABLE_STRICT_OBJC_MSGSEND = YES;
				ENABLE_USER_SCRIPT_SANDBOXING = YES;
				EXCLUDED_ARCHS = "";
				GCC_C_LANGUAGE_STANDARD = gnu17;
				GCC_NO_COMMON_BLOCKS = YES;
				GCC_WARN_64_TO_32_BIT_CONVERSION = YES;
				GCC_WARN_ABOUT_RETURN_TYPE = YES_ERROR;
				GCC_WARN_UNDECLARED_SELECTOR = YES;
				GCC_WARN_UNINITIALIZED_AUTOS = YES_AGGRESSIVE;
				GCC_WARN_UNUSED_FUNCTION = YES;
				GCC_WARN_UNUSED_VARIABLE = YES;
				INFOPLIST_FILE = "Cheese-App-Info.plist";
				IPHONEOS_DEPLOYMENT_TARGET = 17.5;
				LOCALIZATION_PREFERS_STRING_CATALOGS = YES;
				MTL_ENABLE_DEBUG_INFO = NO;
				MTL_FAST_MATH = YES;
				ONLY_ACTIVE_ARCH = YES;
				SDKROOT = iphoneos;
				SUPABASE_ANON_KEY = "";
				SUPABASE_URL = "https:/$()/kdbdsvrqhkmsgsgildrt.supabase.co";
				SWIFT_COMPILATION_MODE = wholemodule;
				VALIDATE_PRODUCT = YES;
			};
			name = Release;
		};
		3751F0592C5F128A006499C2 /* Debug */ = {
			isa = XCBuildConfiguration;
			baseConfigurationReference = 374AE4D62C6182DB00FB6063 /* debug.xcconfig */;
			buildSettings = {
				ASSETCATALOG_COMPILER_APPICON_NAME = AppIcon;
				ASSETCATALOG_COMPILER_GLOBAL_ACCENT_COLOR_NAME = AccentColor;
				CODE_SIGN_ENTITLEMENTS = "Cheese App/Cheese App.entitlements";
				CODE_SIGN_STYLE = Automatic;
				CURRENT_PROJECT_VERSION = 1;
				DEVELOPMENT_ASSET_PATHS = "\"Cheese App/Preview Content\"";
				DEVELOPMENT_TEAM = 4QQWV97LL7;
				ENABLE_PREVIEWS = YES;
				GENERATE_INFOPLIST_FILE = YES;
				INFOPLIST_FILE = "Cheese-App-Info.plist";
				INFOPLIST_KEY_UIApplicationSceneManifest_Generation = YES;
				INFOPLIST_KEY_UIApplicationSupportsIndirectInputEvents = YES;
				INFOPLIST_KEY_UILaunchScreen_Generation = YES;
				INFOPLIST_KEY_UISupportedInterfaceOrientations_iPad = "UIInterfaceOrientationPortrait UIInterfaceOrientationPortraitUpsideDown UIInterfaceOrientationLandscapeLeft UIInterfaceOrientationLandscapeRight";
				INFOPLIST_KEY_UISupportedInterfaceOrientations_iPhone = "UIInterfaceOrientationPortrait UIInterfaceOrientationLandscapeLeft UIInterfaceOrientationLandscapeRight";
				LD_RUNPATH_SEARCH_PATHS = (
					"$(inherited)",
					"@executable_path/Frameworks",
				);
				MARKETING_VERSION = 1.0;
				PRODUCT_BUNDLE_IDENTIFIER = "JoshKotrous.Cheese-App";
				PRODUCT_NAME = "$(TARGET_NAME)";
				SUPPORTED_PLATFORMS = "iphoneos iphonesimulator";
				SUPPORTS_MACCATALYST = NO;
				SUPPORTS_MAC_DESIGNED_FOR_IPHONE_IPAD = NO;
				SUPPORTS_XR_DESIGNED_FOR_IPHONE_IPAD = NO;
				SWIFT_EMIT_LOC_STRINGS = YES;
				SWIFT_VERSION = 5.0;
				TARGETED_DEVICE_FAMILY = 1;
			};
			name = Debug;
		};
		3751F05A2C5F128A006499C2 /* Release */ = {
			isa = XCBuildConfiguration;
			buildSettings = {
				ASSETCATALOG_COMPILER_APPICON_NAME = AppIcon;
				ASSETCATALOG_COMPILER_GLOBAL_ACCENT_COLOR_NAME = AccentColor;
				CODE_SIGN_ENTITLEMENTS = "Cheese App/Cheese App.entitlements";
				CODE_SIGN_STYLE = Automatic;
				CURRENT_PROJECT_VERSION = 1;
				DEVELOPMENT_ASSET_PATHS = "\"Cheese App/Preview Content\"";
				DEVELOPMENT_TEAM = 4QQWV97LL7;
				ENABLE_PREVIEWS = YES;
				GENERATE_INFOPLIST_FILE = YES;
				INFOPLIST_FILE = "Cheese-App-Info.plist";
				INFOPLIST_KEY_UIApplicationSceneManifest_Generation = YES;
				INFOPLIST_KEY_UIApplicationSupportsIndirectInputEvents = YES;
				INFOPLIST_KEY_UILaunchScreen_Generation = YES;
				INFOPLIST_KEY_UISupportedInterfaceOrientations_iPad = "UIInterfaceOrientationPortrait UIInterfaceOrientationPortraitUpsideDown UIInterfaceOrientationLandscapeLeft UIInterfaceOrientationLandscapeRight";
				INFOPLIST_KEY_UISupportedInterfaceOrientations_iPhone = "UIInterfaceOrientationPortrait UIInterfaceOrientationLandscapeLeft UIInterfaceOrientationLandscapeRight";
				LD_RUNPATH_SEARCH_PATHS = (
					"$(inherited)",
					"@executable_path/Frameworks",
				);
				MARKETING_VERSION = 1.0;
				ONLY_ACTIVE_ARCH = YES;
				PRODUCT_BUNDLE_IDENTIFIER = "JoshKotrous.Cheese-App";
				PRODUCT_NAME = "$(TARGET_NAME)";
				SUPPORTED_PLATFORMS = "iphoneos iphonesimulator";
				SUPPORTS_MACCATALYST = NO;
				SUPPORTS_MAC_DESIGNED_FOR_IPHONE_IPAD = NO;
				SUPPORTS_XR_DESIGNED_FOR_IPHONE_IPAD = NO;
				SWIFT_EMIT_LOC_STRINGS = YES;
				SWIFT_VERSION = 5.0;
				TARGETED_DEVICE_FAMILY = 1;
			};
			name = Release;
		};
		3751F05C2C5F128A006499C2 /* Debug */ = {
			isa = XCBuildConfiguration;
			buildSettings = {
				ALWAYS_EMBED_SWIFT_STANDARD_LIBRARIES = YES;
				BUNDLE_LOADER = "$(TEST_HOST)";
				CODE_SIGN_STYLE = Automatic;
				CURRENT_PROJECT_VERSION = 1;
				DEVELOPMENT_TEAM = 4QQWV97LL7;
				GENERATE_INFOPLIST_FILE = YES;
				IPHONEOS_DEPLOYMENT_TARGET = 17.5;
				MARKETING_VERSION = 1.0;
				PRODUCT_BUNDLE_IDENTIFIER = "JoshKotrous.Cheese-AppTests";
				PRODUCT_NAME = "$(TARGET_NAME)";
				SWIFT_EMIT_LOC_STRINGS = NO;
				SWIFT_VERSION = 5.0;
				TARGETED_DEVICE_FAMILY = "1,2";
				TEST_HOST = "$(BUILT_PRODUCTS_DIR)/Cheese App.app/$(BUNDLE_EXECUTABLE_FOLDER_PATH)/Cheese App";
			};
			name = Debug;
		};
		3751F05D2C5F128A006499C2 /* Release */ = {
			isa = XCBuildConfiguration;
			buildSettings = {
				ALWAYS_EMBED_SWIFT_STANDARD_LIBRARIES = YES;
				BUNDLE_LOADER = "$(TEST_HOST)";
				CODE_SIGN_STYLE = Automatic;
				CURRENT_PROJECT_VERSION = 1;
				DEVELOPMENT_TEAM = 4QQWV97LL7;
				GENERATE_INFOPLIST_FILE = YES;
				IPHONEOS_DEPLOYMENT_TARGET = 17.5;
				MARKETING_VERSION = 1.0;
				PRODUCT_BUNDLE_IDENTIFIER = "JoshKotrous.Cheese-AppTests";
				PRODUCT_NAME = "$(TARGET_NAME)";
				SWIFT_EMIT_LOC_STRINGS = NO;
				SWIFT_VERSION = 5.0;
				TARGETED_DEVICE_FAMILY = "1,2";
				TEST_HOST = "$(BUILT_PRODUCTS_DIR)/Cheese App.app/$(BUNDLE_EXECUTABLE_FOLDER_PATH)/Cheese App";
			};
			name = Release;
		};
		3751F05F2C5F128A006499C2 /* Debug */ = {
			isa = XCBuildConfiguration;
			buildSettings = {
				ALWAYS_EMBED_SWIFT_STANDARD_LIBRARIES = YES;
				CODE_SIGN_STYLE = Automatic;
				CURRENT_PROJECT_VERSION = 1;
				DEVELOPMENT_TEAM = 4QQWV97LL7;
				GENERATE_INFOPLIST_FILE = YES;
				MARKETING_VERSION = 1.0;
				PRODUCT_BUNDLE_IDENTIFIER = "JoshKotrous.Cheese-AppUITests";
				PRODUCT_NAME = "$(TARGET_NAME)";
				SWIFT_EMIT_LOC_STRINGS = NO;
				SWIFT_VERSION = 5.0;
				TARGETED_DEVICE_FAMILY = "1,2";
				TEST_TARGET_NAME = "Cheese App";
			};
			name = Debug;
		};
		3751F0602C5F128A006499C2 /* Release */ = {
			isa = XCBuildConfiguration;
			buildSettings = {
				ALWAYS_EMBED_SWIFT_STANDARD_LIBRARIES = YES;
				CODE_SIGN_STYLE = Automatic;
				CURRENT_PROJECT_VERSION = 1;
				DEVELOPMENT_TEAM = 4QQWV97LL7;
				GENERATE_INFOPLIST_FILE = YES;
				MARKETING_VERSION = 1.0;
				PRODUCT_BUNDLE_IDENTIFIER = "JoshKotrous.Cheese-AppUITests";
				PRODUCT_NAME = "$(TARGET_NAME)";
				SWIFT_EMIT_LOC_STRINGS = NO;
				SWIFT_VERSION = 5.0;
				TARGETED_DEVICE_FAMILY = "1,2";
				TEST_TARGET_NAME = "Cheese App";
			};
			name = Release;
		};
/* End XCBuildConfiguration section */

/* Begin XCConfigurationList section */
		3751F02F2C5F1289006499C2 /* Build configuration list for PBXProject "Cheese App" */ = {
			isa = XCConfigurationList;
			buildConfigurations = (
				3751F0562C5F128A006499C2 /* Debug */,
				3751F0572C5F128A006499C2 /* Release */,
			);
			defaultConfigurationIsVisible = 0;
			defaultConfigurationName = Release;
		};
		3751F0582C5F128A006499C2 /* Build configuration list for PBXNativeTarget "Cheese App" */ = {
			isa = XCConfigurationList;
			buildConfigurations = (
				3751F0592C5F128A006499C2 /* Debug */,
				3751F05A2C5F128A006499C2 /* Release */,
			);
			defaultConfigurationIsVisible = 0;
			defaultConfigurationName = Release;
		};
		3751F05B2C5F128A006499C2 /* Build configuration list for PBXNativeTarget "Cheese AppTests" */ = {
			isa = XCConfigurationList;
			buildConfigurations = (
				3751F05C2C5F128A006499C2 /* Debug */,
				3751F05D2C5F128A006499C2 /* Release */,
			);
			defaultConfigurationIsVisible = 0;
			defaultConfigurationName = Release;
		};
		3751F05E2C5F128A006499C2 /* Build configuration list for PBXNativeTarget "Cheese AppUITests" */ = {
			isa = XCConfigurationList;
			buildConfigurations = (
				3751F05F2C5F128A006499C2 /* Debug */,
				3751F0602C5F128A006499C2 /* Release */,
			);
			defaultConfigurationIsVisible = 0;
			defaultConfigurationName = Release;
		};
/* End XCConfigurationList section */

/* Begin XCRemoteSwiftPackageReference section */
		3742A8E32C60794F00705D5E /* XCRemoteSwiftPackageReference "supabase-swift" */ = {
			isa = XCRemoteSwiftPackageReference;
			repositoryURL = "https://github.com/supabase/supabase-swift";
			requirement = {
				kind = upToNextMajorVersion;
				minimumVersion = 2.5.1;
			};
		};
		37B2F3532C72D8AA006D71B3 /* XCRemoteSwiftPackageReference "gotrue-swift" */ = {
			isa = XCRemoteSwiftPackageReference;
			repositoryURL = "https://github.com/supabase-community/gotrue-swift";
			requirement = {
				kind = upToNextMajorVersion;
				minimumVersion = 1.3.0;
			};
		};
/* End XCRemoteSwiftPackageReference section */

/* Begin XCSwiftPackageProductDependency section */
		374AE4D22C607AB900FB6063 /* Supabase */ = {
			isa = XCSwiftPackageProductDependency;
			package = 3742A8E32C60794F00705D5E /* XCRemoteSwiftPackageReference "supabase-swift" */;
			productName = Supabase;
		};
		37B2F3542C72D99C006D71B3 /* GoTrue */ = {
			isa = XCSwiftPackageProductDependency;
			package = 37B2F3532C72D8AA006D71B3 /* XCRemoteSwiftPackageReference "gotrue-swift" */;
			productName = GoTrue;
		};
/* End XCSwiftPackageProductDependency section */
	};
	rootObject = 3751F02C2C5F1289006499C2 /* Project object */;
}
